// !$*UTF8*$!
{
	archiveVersion = 1;
	classes = {
	};
	objectVersion = 56;
	objects = {

/* Begin PBXBuildFile section */
		CB93F35A2B7D6A9200CA851B /* AppDelegate.swift in Sources */ = {isa = PBXBuildFile; fileRef = CB93F3592B7D6A9200CA851B /* AppDelegate.swift */; };
		CB93F35C2B7D6A9200CA851B /* SceneDelegate.swift in Sources */ = {isa = PBXBuildFile; fileRef = CB93F35B2B7D6A9200CA851B /* SceneDelegate.swift */; };
		CB93F35E2B7D6A9200CA851B /* ViewController.swift in Sources */ = {isa = PBXBuildFile; fileRef = CB93F35D2B7D6A9200CA851B /* ViewController.swift */; };
		CB93F3612B7D6A9200CA851B /* Main.storyboard in Resources */ = {isa = PBXBuildFile; fileRef = CB93F35F2B7D6A9200CA851B /* Main.storyboard */; };
		CB93F3632B7D6A9800CA851B /* Assets.xcassets in Resources */ = {isa = PBXBuildFile; fileRef = CB93F3622B7D6A9800CA851B /* Assets.xcassets */; };
		CB93F3662B7D6A9800CA851B /* LaunchScreen.storyboard in Resources */ = {isa = PBXBuildFile; fileRef = CB93F3642B7D6A9800CA851B /* LaunchScreen.storyboard */; };
		CBFC6C592B7E8BDB00595844 /* ConverterLogic.swift in Sources */ = {isa = PBXBuildFile; fileRef = CBFC6C582B7E8BDB00595844 /* ConverterLogic.swift */; };
		CBFC6C5C2B7E8C3900595844 /* DollarAmountViewController.swift in Sources */ = {isa = PBXBuildFile; fileRef = CBFC6C5B2B7E8C3900595844 /* DollarAmountViewController.swift */; };
/* End PBXBuildFile section */

/* Begin PBXFileReference section */
		CB93F3562B7D6A9200CA851B /* CurrencyConverter.app */ = {isa = PBXFileReference; explicitFileType = wrapper.application; includeInIndex = 0; path = CurrencyConverter.app; sourceTree = BUILT_PRODUCTS_DIR; };
		CB93F3592B7D6A9200CA851B /* AppDelegate.swift */ = {isa = PBXFileReference; lastKnownFileType = sourcecode.swift; path = AppDelegate.swift; sourceTree = "<group>"; };
		CB93F35B2B7D6A9200CA851B /* SceneDelegate.swift */ = {isa = PBXFileReference; lastKnownFileType = sourcecode.swift; path = SceneDelegate.swift; sourceTree = "<group>"; };
		CB93F35D2B7D6A9200CA851B /* ViewController.swift */ = {isa = PBXFileReference; lastKnownFileType = sourcecode.swift; path = ViewController.swift; sourceTree = "<group>"; };
		CB93F3602B7D6A9200CA851B /* Base */ = {isa = PBXFileReference; lastKnownFileType = file.storyboard; name = Base; path = Base.lproj/Main.storyboard; sourceTree = "<group>"; };
		CB93F3622B7D6A9800CA851B /* Assets.xcassets */ = {isa = PBXFileReference; lastKnownFileType = folder.assetcatalog; path = Assets.xcassets; sourceTree = "<group>"; };
		CB93F3652B7D6A9800CA851B /* Base */ = {isa = PBXFileReference; lastKnownFileType = file.storyboard; name = Base; path = Base.lproj/LaunchScreen.storyboard; sourceTree = "<group>"; };
		CB93F3672B7D6A9800CA851B /* Info.plist */ = {isa = PBXFileReference; lastKnownFileType = text.plist.xml; path = Info.plist; sourceTree = "<group>"; };
		CBFC6C582B7E8BDB00595844 /* ConverterLogic.swift */ = {isa = PBXFileReference; lastKnownFileType = sourcecode.swift; path = ConverterLogic.swift; sourceTree = "<group>"; };
		CBFC6C5B2B7E8C3900595844 /* DollarAmountViewController.swift */ = {isa = PBXFileReference; lastKnownFileType = sourcecode.swift; path = DollarAmountViewController.swift; sourceTree = "<group>"; };
/* End PBXFileReference section */

/* Begin PBXFrameworksBuildPhase section */
		CB93F3532B7D6A9200CA851B /* Frameworks */ = {
			isa = PBXFrameworksBuildPhase;
			buildActionMask = 2147483647;
			files = (
			);
			runOnlyForDeploymentPostprocessing = 0;
		};
/* End PBXFrameworksBuildPhase section */

/* Begin PBXGroup section */
		CB93F34D2B7D6A9200CA851B = {
			isa = PBXGroup;
			children = (
				CB93F3582B7D6A9200CA851B /* CurrencyConverter */,
				CB93F3572B7D6A9200CA851B /* Products */,
			);
			sourceTree = "<group>";
		};
		CB93F3572B7D6A9200CA851B /* Products */ = {
			isa = PBXGroup;
			children = (
				CB93F3562B7D6A9200CA851B /* CurrencyConverter.app */,
			);
			name = Products;
			sourceTree = "<group>";
		};
		CB93F3582B7D6A9200CA851B /* CurrencyConverter */ = {
			isa = PBXGroup;
			children = (
				CB93F3592B7D6A9200CA851B /* AppDelegate.swift */,
				CB93F35B2B7D6A9200CA851B /* SceneDelegate.swift */,
				CB93F36E2B7D6C3C00CA851B /* Model */,
				CB93F36D2B7D6C2C00CA851B /* View */,
				CB93F35F2B7D6A9200CA851B /* Main.storyboard */,
				CB93F3622B7D6A9800CA851B /* Assets.xcassets */,
				CB93F3642B7D6A9800CA851B /* LaunchScreen.storyboard */,
				CB93F3672B7D6A9800CA851B /* Info.plist */,
			);
			path = CurrencyConverter;
			sourceTree = "<group>";
		};
		CB93F36D2B7D6C2C00CA851B /* View */ = {
			isa = PBXGroup;
			children = (
				CB93F35D2B7D6A9200CA851B /* ViewController.swift */,
				CBFC6C5B2B7E8C3900595844 /* DollarAmountViewController.swift */,
			);
			path = View;
			sourceTree = "<group>";
		};
		CB93F36E2B7D6C3C00CA851B /* Model */ = {
			isa = PBXGroup;
			children = (
				CBFC6C582B7E8BDB00595844 /* ConverterLogic.swift */,
			);
			path = Model;
			sourceTree = "<group>";
		};
/* End PBXGroup section */

/* Begin PBXNativeTarget section */
		CB93F3552B7D6A9200CA851B /* CurrencyConverter */ = {
			isa = PBXNativeTarget;
			buildConfigurationList = CB93F36A2B7D6A9800CA851B /* Build configuration list for PBXNativeTarget "CurrencyConverter" */;
			buildPhases = (
				CB93F3522B7D6A9200CA851B /* Sources */,
				CB93F3532B7D6A9200CA851B /* Frameworks */,
				CB93F3542B7D6A9200CA851B /* Resources */,
			);
			buildRules = (
			);
			dependencies = (
			);
			name = CurrencyConverter;
			productName = CurrencyConverter;
			productReference = CB93F3562B7D6A9200CA851B /* CurrencyConverter.app */;
			productType = "com.apple.product-type.application";
		};
/* End PBXNativeTarget section */

/* Begin PBXProject section */
		CB93F34E2B7D6A9200CA851B /* Project object */ = {
			isa = PBXProject;
			attributes = {
				BuildIndependentTargetsInParallel = 1;
				LastSwiftUpdateCheck = 1400;
				LastUpgradeCheck = 1400;
				TargetAttributes = {
					CB93F3552B7D6A9200CA851B = {
						CreatedOnToolsVersion = 14.0;
					};
				};
			};
			buildConfigurationList = CB93F3512B7D6A9200CA851B /* Build configuration list for PBXProject "CurrencyConverter" */;
			compatibilityVersion = "Xcode 14.0";
			developmentRegion = en;
			hasScannedForEncodings = 0;
			knownRegions = (
				en,
				Base,
			);
			mainGroup = CB93F34D2B7D6A9200CA851B;
			productRefGroup = CB93F3572B7D6A9200CA851B /* Products */;
			projectDirPath = "";
			projectRoot = "";
			targets = (
				CB93F3552B7D6A9200CA851B /* CurrencyConverter */,
			);
		};
/* End PBXProject section */

/* Begin PBXResourcesBuildPhase section */
		CB93F3542B7D6A9200CA851B /* Resources */ = {
			isa = PBXResourcesBuildPhase;
			buildActionMask = 2147483647;
			files = (
				CB93F3662B7D6A9800CA851B /* LaunchScreen.storyboard in Resources */,
				CB93F3632B7D6A9800CA851B /* Assets.xcassets in Resources */,
				CB93F3612B7D6A9200CA851B /* Main.storyboard in Resources */,
			);
			runOnlyForDeploymentPostprocessing = 0;
		};
/* End PBXResourcesBuildPhase section */

/* Begin PBXSourcesBuildPhase section */
		CB93F3522B7D6A9200CA851B /* Sources */ = {
			isa = PBXSourcesBuildPhase;
			buildActionMask = 2147483647;
			files = (
				CB93F35E2B7D6A9200CA851B /* ViewController.swift in Sources */,
				CBFC6C592B7E8BDB00595844 /* ConverterLogic.swift in Sources */,
				CB93F35A2B7D6A9200CA851B /* AppDelegate.swift in Sources */,
				CBFC6C5C2B7E8C3900595844 /* DollarAmountViewController.swift in Sources */,
				CB93F35C2B7D6A9200CA851B /* SceneDelegate.swift in Sources */,
			);
			runOnlyForDeploymentPostprocessing = 0;
		};
/* End PBXSourcesBuildPhase section */

/* Begin PBXVariantGroup section */
		CB93F35F2B7D6A9200CA851B /* Main.storyboard */ = {
			isa = PBXVariantGroup;
			children = (
				CB93F3602B7D6A9200CA851B /* Base */,
			);
			name = Main.storyboard;
			sourceTree = "<group>";
		};
		CB93F3642B7D6A9800CA851B /* LaunchScreen.storyboard */ = {
			isa = PBXVariantGroup;
			children = (
				CB93F3652B7D6A9800CA851B /* Base */,
			);
			name = LaunchScreen.storyboard;
			sourceTree = "<group>";
		};
/* End PBXVariantGroup section */

/* Begin XCBuildConfiguration section */
		CB93F3682B7D6A9800CA851B /* Debug */ = {
			isa = XCBuildConfiguration;
			buildSettings = {
				ALWAYS_SEARCH_USER_PATHS = NO;
				CLANG_ANALYZER_NONNULL = YES;
				CLANG_ANALYZER_NUMBER_OBJECT_CONVERSION = YES_AGGRESSIVE;
				CLANG_CXX_LANGUAGE_STANDARD = "gnu++20";
				CLANG_ENABLE_MODULES = YES;
				CLANG_ENABLE_OBJC_ARC = YES;
				CLANG_ENABLE_OBJC_WEAK = YES;
				CLANG_WARN_BLOCK_CAPTURE_AUTORELEASING = YES;
				CLANG_WARN_BOOL_CONVERSION = YES;
				CLANG_WARN_COMMA = YES;
				CLANG_WARN_CONSTANT_CONVERSION = YES;
				CLANG_WARN_DEPRECATED_OBJC_IMPLEMENTATIONS = YES;
				CLANG_WARN_DIRECT_OBJC_ISA_USAGE = YES_ERROR;
				CLANG_WARN_DOCUMENTATION_COMMENTS = YES;
				CLANG_WARN_EMPTY_BODY = YES;
				CLANG_WARN_ENUM_CONVERSION = YES;
				CLANG_WARN_INFINITE_RECURSION = YES;
				CLANG_WARN_INT_CONVERSION = YES;
				CLANG_WARN_NON_LITERAL_NULL_CONVERSION = YES;
				CLANG_WARN_OBJC_IMPLICIT_RETAIN_SELF = YES;
				CLANG_WARN_OBJC_LITERAL_CONVERSION = YES;
				CLANG_WARN_OBJC_ROOT_CLASS = YES_ERROR;
				CLANG_WARN_QUOTED_INCLUDE_IN_FRAMEWORK_HEADER = YES;
				CLANG_WARN_RANGE_LOOP_ANALYSIS = YES;
				CLANG_WARN_STRICT_PROTOTYPES = YES;
				CLANG_WARN_SUSPICIOUS_MOVE = YES;
				CLANG_WARN_UNGUARDED_AVAILABILITY = YES_AGGRESSIVE;
				CLANG_WARN_UNREACHABLE_CODE = YES;
				CLANG_WARN__DUPLICATE_METHOD_MATCH = YES;
				COPY_PHASE_STRIP = NO;
				DEBUG_INFORMATION_FORMAT = dwarf;
				ENABLE_STRICT_OBJC_MSGSEND = YES;
				ENABLE_TESTABILITY = YES;
				GCC_C_LANGUAGE_STANDARD = gnu11;
				GCC_DYNAMIC_NO_PIC = NO;
				GCC_NO_COMMON_BLOCKS = YES;
				GCC_OPTIMIZATION_LEVEL = 0;
				GCC_PREPROCESSOR_DEFINITIONS = (
					"DEBUG=1",
					"$(inherited)",
				);
				GCC_WARN_64_TO_32_BIT_CONVERSION = YES;
				GCC_WARN_ABOUT_RETURN_TYPE = YES_ERROR;
				GCC_WARN_UNDECLARED_SELECTOR = YES;
				GCC_WARN_UNINITIALIZED_AUTOS = YES_AGGRESSIVE;
				GCC_WARN_UNUSED_FUNCTION = YES;
				GCC_WARN_UNUSED_VARIABLE = YES;
				IPHONEOS_DEPLOYMENT_TARGET = 16.0;
				MTL_ENABLE_DEBUG_INFO = INCLUDE_SOURCE;
				MTL_FAST_MATH = YES;
				ONLY_ACTIVE_ARCH = YES;
				SDKROOT = iphoneos;
				SWIFT_ACTIVE_COMPILATION_CONDITIONS = DEBUG;
				SWIFT_OPTIMIZATION_LEVEL = "-Onone";
			};
			name = Debug;
		};
		CB93F3692B7D6A9800CA851B /* Release */ = {
			isa = XCBuildConfiguration;
			buildSettings = {
				ALWAYS_SEARCH_USER_PATHS = NO;
				CLANG_ANALYZER_NONNULL = YES;
				CLANG_ANALYZER_NUMBER_OBJECT_CONVERSION = YES_AGGRESSIVE;
				CLANG_CXX_LANGUAGE_STANDARD = "gnu++20";
				CLANG_ENABLE_MODULES = YES;
				CLANG_ENABLE_OBJC_ARC = YES;
				CLANG_ENABLE_OBJC_WEAK = YES;
				CLANG_WARN_BLOCK_CAPTURE_AUTORELEASING = YES;
				CLANG_WARN_BOOL_CONVERSION = YES;
				CLANG_WARN_COMMA = YES;
				CLANG_WARN_CONSTANT_CONVERSION = YES;
				CLANG_WARN_DEPRECATED_OBJC_IMPLEMENTATIONS = YES;
				CLANG_WARN_DIRECT_OBJC_ISA_USAGE = YES_ERROR;
				CLANG_WARN_DOCUMENTATION_COMMENTS = YES;
				CLANG_WARN_EMPTY_BODY = YES;
				CLANG_WARN_ENUM_CONVERSION = YES;
				CLANG_WARN_INFINITE_RECURSION = YES;
				CLANG_WARN_INT_CONVERSION = YES;
				CLANG_WARN_NON_LITERAL_NULL_CONVERSION = YES;
				CLANG_WARN_OBJC_IMPLICIT_RETAIN_SELF = YES;
				CLANG_WARN_OBJC_LITERAL_CONVERSION = YES;
				CLANG_WARN_OBJC_ROOT_CLASS = YES_ERROR;
				CLANG_WARN_QUOTED_INCLUDE_IN_FRAMEWORK_HEADER = YES;
				CLANG_WARN_RANGE_LOOP_ANALYSIS = YES;
				CLANG_WARN_STRICT_PROTOTYPES = YES;
				CLANG_WARN_SUSPICIOUS_MOVE = YES;
				CLANG_WARN_UNGUARDED_AVAILABILITY = YES_AGGRESSIVE;
				CLANG_WARN_UNREACHABLE_CODE = YES;
				CLANG_WARN__DUPLICATE_METHOD_MATCH = YES;
				COPY_PHASE_STRIP = NO;
				DEBUG_INFORMATION_FORMAT = "dwarf-with-dsym";
				ENABLE_NS_ASSERTIONS = NO;
				ENABLE_STRICT_OBJC_MSGSEND = YES;
				GCC_C_LANGUAGE_STANDARD = gnu11;
				GCC_NO_COMMON_BLOCKS = YES;
				GCC_WARN_64_TO_32_BIT_CONVERSION = YES;
				GCC_WARN_ABOUT_RETURN_TYPE = YES_ERROR;
				GCC_WARN_UNDECLARED_SELECTOR = YES;
				GCC_WARN_UNINITIALIZED_AUTOS = YES_AGGRESSIVE;
				GCC_WARN_UNUSED_FUNCTION = YES;
				GCC_WARN_UNUSED_VARIABLE = YES;
				IPHONEOS_DEPLOYMENT_TARGET = 16.0;
				MTL_ENABLE_DEBUG_INFO = NO;
				MTL_FAST_MATH = YES;
				SDKROOT = iphoneos;
				SWIFT_COMPILATION_MODE = wholemodule;
				SWIFT_OPTIMIZATION_LEVEL = "-O";
				VALIDATE_PRODUCT = YES;
			};
			name = Release;
		};
		CB93F36B2B7D6A9800CA851B /* Debug */ = {
			isa = XCBuildConfiguration;
			buildSettings = {
				ASSETCATALOG_COMPILER_APPICON_NAME = AppIcon;
				ASSETCATALOG_COMPILER_GLOBAL_ACCENT_COLOR_NAME = AccentColor;
				CODE_SIGN_STYLE = Automatic;
				CURRENT_PROJECT_VERSION = 1;
				GENERATE_INFOPLIST_FILE = YES;
				INFOPLIST_FILE = CurrencyConverter/Info.plist;
				INFOPLIST_KEY_UIApplicationSupportsIndirectInputEvents = YES;
				INFOPLIST_KEY_UILaunchStoryboardName = LaunchScreen;
				INFOPLIST_KEY_UIMainStoryboardFile = Main;
				INFOPLIST_KEY_UISupportedInterfaceOrientations_iPad = "UIInterfaceOrientationPortrait UIInterfaceOrientationPortraitUpsideDown UIInterfaceOrientationLandscapeLeft UIInterfaceOrientationLandscapeRight";
				INFOPLIST_KEY_UISupportedInterfaceOrientations_iPhone = "UIInterfaceOrientationPortrait UIInterfaceOrientationLandscapeLeft UIInterfaceOrientationLandscapeRight";
				LD_RUNPATH_SEARCH_PATHS = (
					"$(inherited)",
					"@executable_path/Frameworks",
				);
				MARKETING_VERSION = 1.0;
				PRODUCT_BUNDLE_IDENTIFIER = module6.CurrencyConverter;
				PRODUCT_NAME = "$(TARGET_NAME)";
				SWIFT_EMIT_LOC_STRINGS = YES;
				SWIFT_VERSION = 5.0;
				TARGETED_DEVICE_FAMILY = "1,2";
			};
			name = Debug;
		};
		CB93F36C2B7D6A9800CA851B /* Release */ = {
			isa = XCBuildConfiguration;
			buildSettings = {
				ASSETCATALOG_COMPILER_APPICON_NAME = AppIcon;
				ASSETCATALOG_COMPILER_GLOBAL_ACCENT_COLOR_NAME = AccentColor;
				CODE_SIGN_STYLE = Automatic;
				CURRENT_PROJECT_VERSION = 1;
				GENERATE_INFOPLIST_FILE = YES;
				INFOPLIST_FILE = CurrencyConverter/Info.plist;
				INFOPLIST_KEY_UIApplicationSupportsIndirectInputEvents = YES;
				INFOPLIST_KEY_UILaunchStoryboardName = LaunchScreen;
				INFOPLIST_KEY_UIMainStoryboardFile = Main;
				INFOPLIST_KEY_UISupportedInterfaceOrientations_iPad = "UIInterfaceOrientationPortrait UIInterfaceOrientationPortraitUpsideDown UIInterfaceOrientationLandscapeLeft UIInterfaceOrientationLandscapeRight";
				INFOPLIST_KEY_UISupportedInterfaceOrientations_iPhone = "UIInterfaceOrientationPortrait UIInterfaceOrientationLandscapeLeft UIInterfaceOrientationLandscapeRight";
				LD_RUNPATH_SEARCH_PATHS = (
					"$(inherited)",
					"@executable_path/Frameworks",
				);
				MARKETING_VERSION = 1.0;
				PRODUCT_BUNDLE_IDENTIFIER = module6.CurrencyConverter;
				PRODUCT_NAME = "$(TARGET_NAME)";
				SWIFT_EMIT_LOC_STRINGS = YES;
				SWIFT_VERSION = 5.0;
				TARGETED_DEVICE_FAMILY = "1,2";
			};
			name = Release;
		};
/* End XCBuildConfiguration section */

/* Begin XCConfigurationList section */
		CB93F3512B7D6A9200CA851B /* Build configuration list for PBXProject "CurrencyConverter" */ = {
			isa = XCConfigurationList;
			buildConfigurations = (
				CB93F3682B7D6A9800CA851B /* Debug */,
				CB93F3692B7D6A9800CA851B /* Release */,
			);
			defaultConfigurationIsVisible = 0;
			defaultConfigurationName = Release;
		};
		CB93F36A2B7D6A9800CA851B /* Build configuration list for PBXNativeTarget "CurrencyConverter" */ = {
			isa = XCConfigurationList;
			buildConfigurations = (
				CB93F36B2B7D6A9800CA851B /* Debug */,
				CB93F36C2B7D6A9800CA851B /* Release */,
			);
			defaultConfigurationIsVisible = 0;
			defaultConfigurationName = Release;
		};
/* End XCConfigurationList section */
	};
	rootObject = CB93F34E2B7D6A9200CA851B /* Project object */;
}
