// !$*UTF8*$!
{
	archiveVersion = 1;
	classes = {
	};
	objectVersion = 56;
	objects = {

/* Begin PBXBuildFile section */
		CB3F52C72B8517AC0009359E /* CityDetailViewController.swift in Sources */ = {isa = PBXBuildFile; fileRef = CB3F52C62B8517AC0009359E /* CityDetailViewController.swift */; };
		CBF205CA2B82731100A1DE32 /* AppDelegate.swift in Sources */ = {isa = PBXBuildFile; fileRef = CBF205C92B82731100A1DE32 /* AppDelegate.swift */; };
		CBF205CC2B82731100A1DE32 /* SceneDelegate.swift in Sources */ = {isa = PBXBuildFile; fileRef = CBF205CB2B82731100A1DE32 /* SceneDelegate.swift */; };
		CBF205CE2B82731100A1DE32 /* ViewController.swift in Sources */ = {isa = PBXBuildFile; fileRef = CBF205CD2B82731100A1DE32 /* ViewController.swift */; };
		CBF205D12B82731100A1DE32 /* Main.storyboard in Resources */ = {isa = PBXBuildFile; fileRef = CBF205CF2B82731100A1DE32 /* Main.storyboard */; };
		CBF205D32B82731500A1DE32 /* Assets.xcassets in Resources */ = {isa = PBXBuildFile; fileRef = CBF205D22B82731500A1DE32 /* Assets.xcassets */; };
		CBF205D62B82731500A1DE32 /* LaunchScreen.storyboard in Resources */ = {isa = PBXBuildFile; fileRef = CBF205D42B82731500A1DE32 /* LaunchScreen.storyboard */; };
		CBF205E02B84136D00A1DE32 /* CityState.swift in Sources */ = {isa = PBXBuildFile; fileRef = CBF205DF2B84136D00A1DE32 /* CityState.swift */; };
/* End PBXBuildFile section */

/* Begin PBXFileReference section */
		CB3F52C62B8517AC0009359E /* CityDetailViewController.swift */ = {isa = PBXFileReference; lastKnownFileType = sourcecode.swift; path = CityDetailViewController.swift; sourceTree = "<group>"; };
		CBF205C62B82731100A1DE32 /* RunnersWorld.app */ = {isa = PBXFileReference; explicitFileType = wrapper.application; includeInIndex = 0; path = RunnersWorld.app; sourceTree = BUILT_PRODUCTS_DIR; };
		CBF205C92B82731100A1DE32 /* AppDelegate.swift */ = {isa = PBXFileReference; lastKnownFileType = sourcecode.swift; path = AppDelegate.swift; sourceTree = "<group>"; };
		CBF205CB2B82731100A1DE32 /* SceneDelegate.swift */ = {isa = PBXFileReference; lastKnownFileType = sourcecode.swift; path = SceneDelegate.swift; sourceTree = "<group>"; };
		CBF205CD2B82731100A1DE32 /* ViewController.swift */ = {isa = PBXFileReference; lastKnownFileType = sourcecode.swift; path = ViewController.swift; sourceTree = "<group>"; };
		CBF205D02B82731100A1DE32 /* Base */ = {isa = PBXFileReference; lastKnownFileType = file.storyboard; name = Base; path = Base.lproj/Main.storyboard; sourceTree = "<group>"; };
		CBF205D22B82731500A1DE32 /* Assets.xcassets */ = {isa = PBXFileReference; lastKnownFileType = folder.assetcatalog; path = Assets.xcassets; sourceTree = "<group>"; };
		CBF205D52B82731500A1DE32 /* Base */ = {isa = PBXFileReference; lastKnownFileType = file.storyboard; name = Base; path = Base.lproj/LaunchScreen.storyboard; sourceTree = "<group>"; };
		CBF205D72B82731500A1DE32 /* Info.plist */ = {isa = PBXFileReference; lastKnownFileType = text.plist.xml; path = Info.plist; sourceTree = "<group>"; };
		CBF205DF2B84136D00A1DE32 /* CityState.swift */ = {isa = PBXFileReference; lastKnownFileType = sourcecode.swift; path = CityState.swift; sourceTree = "<group>"; };
/* End PBXFileReference section */

/* Begin PBXFrameworksBuildPhase section */
		CBF205C32B82731100A1DE32 /* Frameworks */ = {
			isa = PBXFrameworksBuildPhase;
			buildActionMask = 2147483647;
			files = (
			);
			runOnlyForDeploymentPostprocessing = 0;
		};
/* End PBXFrameworksBuildPhase section */

/* Begin PBXGroup section */
		CBF205BD2B82731100A1DE32 = {
			isa = PBXGroup;
			children = (
				CBF205C82B82731100A1DE32 /* RunnersWorld */,
				CBF205C72B82731100A1DE32 /* Products */,
			);
			sourceTree = "<group>";
		};
		CBF205C72B82731100A1DE32 /* Products */ = {
			isa = PBXGroup;
			children = (
				CBF205C62B82731100A1DE32 /* RunnersWorld.app */,
			);
			name = Products;
			sourceTree = "<group>";
		};
		CBF205C82B82731100A1DE32 /* RunnersWorld */ = {
			isa = PBXGroup;
			children = (
				CBF205C92B82731100A1DE32 /* AppDelegate.swift */,
				CBF205CB2B82731100A1DE32 /* SceneDelegate.swift */,
				CBF205DE2B82733500A1DE32 /* Model */,
				CBF205DD2B82732300A1DE32 /* View */,
				CBF205CF2B82731100A1DE32 /* Main.storyboard */,
				CBF205D22B82731500A1DE32 /* Assets.xcassets */,
				CBF205D42B82731500A1DE32 /* LaunchScreen.storyboard */,
				CBF205D72B82731500A1DE32 /* Info.plist */,
			);
			path = RunnersWorld;
			sourceTree = "<group>";
		};
		CBF205DD2B82732300A1DE32 /* View */ = {
			isa = PBXGroup;
			children = (
				CBF205CD2B82731100A1DE32 /* ViewController.swift */,
				CB3F52C62B8517AC0009359E /* CityDetailViewController.swift */,
			);
			path = View;
			sourceTree = "<group>";
		};
		CBF205DE2B82733500A1DE32 /* Model */ = {
			isa = PBXGroup;
			children = (
				CBF205DF2B84136D00A1DE32 /* CityState.swift */,
			);
			path = Model;
			sourceTree = "<group>";
		};
/* End PBXGroup section */

/* Begin PBXNativeTarget section */
		CBF205C52B82731100A1DE32 /* RunnersWorld */ = {
			isa = PBXNativeTarget;
			buildConfigurationList = CBF205DA2B82731500A1DE32 /* Build configuration list for PBXNativeTarget "RunnersWorld" */;
			buildPhases = (
				CBF205C22B82731100A1DE32 /* Sources */,
				CBF205C32B82731100A1DE32 /* Frameworks */,
				CBF205C42B82731100A1DE32 /* Resources */,
			);
			buildRules = (
			);
			dependencies = (
			);
			name = RunnersWorld;
			productName = RunnersWorld;
			productReference = CBF205C62B82731100A1DE32 /* RunnersWorld.app */;
			productType = "com.apple.product-type.application";
		};
/* End PBXNativeTarget section */

/* Begin PBXProject section */
		CBF205BE2B82731100A1DE32 /* Project object */ = {
			isa = PBXProject;
			attributes = {
				BuildIndependentTargetsInParallel = 1;
				LastSwiftUpdateCheck = 1400;
				LastUpgradeCheck = 1400;
				TargetAttributes = {
					CBF205C52B82731100A1DE32 = {
						CreatedOnToolsVersion = 14.0;
					};
				};
			};
			buildConfigurationList = CBF205C12B82731100A1DE32 /* Build configuration list for PBXProject "RunnersWorld" */;
			compatibilityVersion = "Xcode 14.0";
			developmentRegion = en;
			hasScannedForEncodings = 0;
			knownRegions = (
				en,
				Base,
			);
			mainGroup = CBF205BD2B82731100A1DE32;
			productRefGroup = CBF205C72B82731100A1DE32 /* Products */;
			projectDirPath = "";
			projectRoot = "";
			targets = (
				CBF205C52B82731100A1DE32 /* RunnersWorld */,
			);
		};
/* End PBXProject section */

/* Begin PBXResourcesBuildPhase section */
		CBF205C42B82731100A1DE32 /* Resources */ = {
			isa = PBXResourcesBuildPhase;
			buildActionMask = 2147483647;
			files = (
				CBF205D62B82731500A1DE32 /* LaunchScreen.storyboard in Resources */,
				CBF205D32B82731500A1DE32 /* Assets.xcassets in Resources */,
				CBF205D12B82731100A1DE32 /* Main.storyboard in Resources */,
			);
			runOnlyForDeploymentPostprocessing = 0;
		};
/* End PBXResourcesBuildPhase section */

/* Begin PBXSourcesBuildPhase section */
		CBF205C22B82731100A1DE32 /* Sources */ = {
			isa = PBXSourcesBuildPhase;
			buildActionMask = 2147483647;
			files = (
				CBF205E02B84136D00A1DE32 /* CityState.swift in Sources */,
				CBF205CE2B82731100A1DE32 /* ViewController.swift in Sources */,
				CBF205CA2B82731100A1DE32 /* AppDelegate.swift in Sources */,
				CBF205CC2B82731100A1DE32 /* SceneDelegate.swift in Sources */,
				CB3F52C72B8517AC0009359E /* CityDetailViewController.swift in Sources */,
			);
			runOnlyForDeploymentPostprocessing = 0;
		};
/* End PBXSourcesBuildPhase section */

/* Begin PBXVariantGroup section */
		CBF205CF2B82731100A1DE32 /* Main.storyboard */ = {
			isa = PBXVariantGroup;
			children = (
				CBF205D02B82731100A1DE32 /* Base */,
			);
			name = Main.storyboard;
			sourceTree = "<group>";
		};
		CBF205D42B82731500A1DE32 /* LaunchScreen.storyboard */ = {
			isa = PBXVariantGroup;
			children = (
				CBF205D52B82731500A1DE32 /* Base */,
			);
			name = LaunchScreen.storyboard;
			sourceTree = "<group>";
		};
/* End PBXVariantGroup section */

/* Begin XCBuildConfiguration section */
		CBF205D82B82731500A1DE32 /* Debug */ = {
			isa = XCBuildConfiguration;
			buildSettings = {
				ALWAYS_SEARCH_USER_PATHS = NO;
				CLANG_ANALYZER_NONNULL = YES;
				CLANG_ANALYZER_NUMBER_OBJECT_CONVERSION = YES_AGGRESSIVE;
				CLANG_CXX_LANGUAGE_STANDARD = "gnu++20";
				CLANG_ENABLE_MODULES = YES;
				CLANG_ENABLE_OBJC_ARC = YES;
				CLANG_ENABLE_OBJC_WEAK = YES;
				CLANG_WARN_BLOCK_CAPTURE_AUTORELEASING = YES;
				CLANG_WARN_BOOL_CONVERSION = YES;
				CLANG_WARN_COMMA = YES;
				CLANG_WARN_CONSTANT_CONVERSION = YES;
				CLANG_WARN_DEPRECATED_OBJC_IMPLEMENTATIONS = YES;
				CLANG_WARN_DIRECT_OBJC_ISA_USAGE = YES_ERROR;
				CLANG_WARN_DOCUMENTATION_COMMENTS = YES;
				CLANG_WARN_EMPTY_BODY = YES;
				CLANG_WARN_ENUM_CONVERSION = YES;
				CLANG_WARN_INFINITE_RECURSION = YES;
				CLANG_WARN_INT_CONVERSION = YES;
				CLANG_WARN_NON_LITERAL_NULL_CONVERSION = YES;
				CLANG_WARN_OBJC_IMPLICIT_RETAIN_SELF = YES;
				CLANG_WARN_OBJC_LITERAL_CONVERSION = YES;
				CLANG_WARN_OBJC_ROOT_CLASS = YES_ERROR;
				CLANG_WARN_QUOTED_INCLUDE_IN_FRAMEWORK_HEADER = YES;
				CLANG_WARN_RANGE_LOOP_ANALYSIS = YES;
				CLANG_WARN_STRICT_PROTOTYPES = YES;
				CLANG_WARN_SUSPICIOUS_MOVE = YES;
				CLANG_WARN_UNGUARDED_AVAILABILITY = YES_AGGRESSIVE;
				CLANG_WARN_UNREACHABLE_CODE = YES;
				CLANG_WARN__DUPLICATE_METHOD_MATCH = YES;
				COPY_PHASE_STRIP = NO;
				DEBUG_INFORMATION_FORMAT = dwarf;
				ENABLE_STRICT_OBJC_MSGSEND = YES;
				ENABLE_TESTABILITY = YES;
				GCC_C_LANGUAGE_STANDARD = gnu11;
				GCC_DYNAMIC_NO_PIC = NO;
				GCC_NO_COMMON_BLOCKS = YES;
				GCC_OPTIMIZATION_LEVEL = 0;
				GCC_PREPROCESSOR_DEFINITIONS = (
					"DEBUG=1",
					"$(inherited)",
				);
				GCC_WARN_64_TO_32_BIT_CONVERSION = YES;
				GCC_WARN_ABOUT_RETURN_TYPE = YES_ERROR;
				GCC_WARN_UNDECLARED_SELECTOR = YES;
				GCC_WARN_UNINITIALIZED_AUTOS = YES_AGGRESSIVE;
				GCC_WARN_UNUSED_FUNCTION = YES;
				GCC_WARN_UNUSED_VARIABLE = YES;
				IPHONEOS_DEPLOYMENT_TARGET = 16.0;
				MTL_ENABLE_DEBUG_INFO = INCLUDE_SOURCE;
				MTL_FAST_MATH = YES;
				ONLY_ACTIVE_ARCH = YES;
				SDKROOT = iphoneos;
				SWIFT_ACTIVE_COMPILATION_CONDITIONS = DEBUG;
				SWIFT_OPTIMIZATION_LEVEL = "-Onone";
			};
			name = Debug;
		};
		CBF205D92B82731500A1DE32 /* Release */ = {
			isa = XCBuildConfiguration;
			buildSettings = {
				ALWAYS_SEARCH_USER_PATHS = NO;
				CLANG_ANALYZER_NONNULL = YES;
				CLANG_ANALYZER_NUMBER_OBJECT_CONVERSION = YES_AGGRESSIVE;
				CLANG_CXX_LANGUAGE_STANDARD = "gnu++20";
				CLANG_ENABLE_MODULES = YES;
				CLANG_ENABLE_OBJC_ARC = YES;
				CLANG_ENABLE_OBJC_WEAK = YES;
				CLANG_WARN_BLOCK_CAPTURE_AUTORELEASING = YES;
				CLANG_WARN_BOOL_CONVERSION = YES;
				CLANG_WARN_COMMA = YES;
				CLANG_WARN_CONSTANT_CONVERSION = YES;
				CLANG_WARN_DEPRECATED_OBJC_IMPLEMENTATIONS = YES;
				CLANG_WARN_DIRECT_OBJC_ISA_USAGE = YES_ERROR;
				CLANG_WARN_DOCUMENTATION_COMMENTS = YES;
				CLANG_WARN_EMPTY_BODY = YES;
				CLANG_WARN_ENUM_CONVERSION = YES;
				CLANG_WARN_INFINITE_RECURSION = YES;
				CLANG_WARN_INT_CONVERSION = YES;
				CLANG_WARN_NON_LITERAL_NULL_CONVERSION = YES;
				CLANG_WARN_OBJC_IMPLICIT_RETAIN_SELF = YES;
				CLANG_WARN_OBJC_LITERAL_CONVERSION = YES;
				CLANG_WARN_OBJC_ROOT_CLASS = YES_ERROR;
				CLANG_WARN_QUOTED_INCLUDE_IN_FRAMEWORK_HEADER = YES;
				CLANG_WARN_RANGE_LOOP_ANALYSIS = YES;
				CLANG_WARN_STRICT_PROTOTYPES = YES;
				CLANG_WARN_SUSPICIOUS_MOVE = YES;
				CLANG_WARN_UNGUARDED_AVAILABILITY = YES_AGGRESSIVE;
				CLANG_WARN_UNREACHABLE_CODE = YES;
				CLANG_WARN__DUPLICATE_METHOD_MATCH = YES;
				COPY_PHASE_STRIP = NO;
				DEBUG_INFORMATION_FORMAT = "dwarf-with-dsym";
				ENABLE_NS_ASSERTIONS = NO;
				ENABLE_STRICT_OBJC_MSGSEND = YES;
				GCC_C_LANGUAGE_STANDARD = gnu11;
				GCC_NO_COMMON_BLOCKS = YES;
				GCC_WARN_64_TO_32_BIT_CONVERSION = YES;
				GCC_WARN_ABOUT_RETURN_TYPE = YES_ERROR;
				GCC_WARN_UNDECLARED_SELECTOR = YES;
				GCC_WARN_UNINITIALIZED_AUTOS = YES_AGGRESSIVE;
				GCC_WARN_UNUSED_FUNCTION = YES;
				GCC_WARN_UNUSED_VARIABLE = YES;
				IPHONEOS_DEPLOYMENT_TARGET = 16.0;
				MTL_ENABLE_DEBUG_INFO = NO;
				MTL_FAST_MATH = YES;
				SDKROOT = iphoneos;
				SWIFT_COMPILATION_MODE = wholemodule;
				SWIFT_OPTIMIZATION_LEVEL = "-O";
				VALIDATE_PRODUCT = YES;
			};
			name = Release;
		};
		CBF205DB2B82731500A1DE32 /* Debug */ = {
			isa = XCBuildConfiguration;
			buildSettings = {
				ASSETCATALOG_COMPILER_APPICON_NAME = AppIcon;
				ASSETCATALOG_COMPILER_GLOBAL_ACCENT_COLOR_NAME = AccentColor;
				CODE_SIGN_STYLE = Automatic;
				CURRENT_PROJECT_VERSION = 1;
				GENERATE_INFOPLIST_FILE = YES;
				INFOPLIST_FILE = RunnersWorld/Info.plist;
				INFOPLIST_KEY_UIApplicationSupportsIndirectInputEvents = YES;
				INFOPLIST_KEY_UILaunchStoryboardName = LaunchScreen;
				INFOPLIST_KEY_UIMainStoryboardFile = Main;
				INFOPLIST_KEY_UISupportedInterfaceOrientations_iPad = "UIInterfaceOrientationPortrait UIInterfaceOrientationPortraitUpsideDown UIInterfaceOrientationLandscapeLeft UIInterfaceOrientationLandscapeRight";
				INFOPLIST_KEY_UISupportedInterfaceOrientations_iPhone = "UIInterfaceOrientationPortrait UIInterfaceOrientationLandscapeLeft UIInterfaceOrientationLandscapeRight";
				LD_RUNPATH_SEARCH_PATHS = (
					"$(inherited)",
					"@executable_path/Frameworks",
				);
				MARKETING_VERSION = 1.0;
				PRODUCT_BUNDLE_IDENTIFIER = module7.RunnersWorld;
				PRODUCT_NAME = "$(TARGET_NAME)";
				SWIFT_EMIT_LOC_STRINGS = YES;
				SWIFT_VERSION = 5.0;
				TARGETED_DEVICE_FAMILY = "1,2";
			};
			name = Debug;
		};
		CBF205DC2B82731500A1DE32 /* Release */ = {
			isa = XCBuildConfiguration;
			buildSettings = {
				ASSETCATALOG_COMPILER_APPICON_NAME = AppIcon;
				ASSETCATALOG_COMPILER_GLOBAL_ACCENT_COLOR_NAME = AccentColor;
				CODE_SIGN_STYLE = Automatic;
				CURRENT_PROJECT_VERSION = 1;
				GENERATE_INFOPLIST_FILE = YES;
				INFOPLIST_FILE = RunnersWorld/Info.plist;
				INFOPLIST_KEY_UIApplicationSupportsIndirectInputEvents = YES;
				INFOPLIST_KEY_UILaunchStoryboardName = LaunchScreen;
				INFOPLIST_KEY_UIMainStoryboardFile = Main;
				INFOPLIST_KEY_UISupportedInterfaceOrientations_iPad = "UIInterfaceOrientationPortrait UIInterfaceOrientationPortraitUpsideDown UIInterfaceOrientationLandscapeLeft UIInterfaceOrientationLandscapeRight";
				INFOPLIST_KEY_UISupportedInterfaceOrientations_iPhone = "UIInterfaceOrientationPortrait UIInterfaceOrientationLandscapeLeft UIInterfaceOrientationLandscapeRight";
				LD_RUNPATH_SEARCH_PATHS = (
					"$(inherited)",
					"@executable_path/Frameworks",
				);
				MARKETING_VERSION = 1.0;
				PRODUCT_BUNDLE_IDENTIFIER = module7.RunnersWorld;
				PRODUCT_NAME = "$(TARGET_NAME)";
				SWIFT_EMIT_LOC_STRINGS = YES;
				SWIFT_VERSION = 5.0;
				TARGETED_DEVICE_FAMILY = "1,2";
			};
			name = Release;
		};
/* End XCBuildConfiguration section */

/* Begin XCConfigurationList section */
		CBF205C12B82731100A1DE32 /* Build configuration list for PBXProject "RunnersWorld" */ = {
			isa = XCConfigurationList;
			buildConfigurations = (
				CBF205D82B82731500A1DE32 /* Debug */,
				CBF205D92B82731500A1DE32 /* Release */,
			);
			defaultConfigurationIsVisible = 0;
			defaultConfigurationName = Release;
		};
		CBF205DA2B82731500A1DE32 /* Build configuration list for PBXNativeTarget "RunnersWorld" */ = {
			isa = XCConfigurationList;
			buildConfigurations = (
				CBF205DB2B82731500A1DE32 /* Debug */,
				CBF205DC2B82731500A1DE32 /* Release */,
			);
			defaultConfigurationIsVisible = 0;
			defaultConfigurationName = Release;
		};
/* End XCConfigurationList section */
	};
	rootObject = CBF205BE2B82731100A1DE32 /* Project object */;
}
